// !$*UTF8*$!
{
	archiveVersion = 1;
	classes = {
	};
	objectVersion = 50;
	objects = {

/* Begin PBXBuildFile section */
		304181F423FEB5D100B9C451 /* AppDelegate.swift in Sources */ = {isa = PBXBuildFile; fileRef = 304181F323FEB5D100B9C451 /* AppDelegate.swift */; };
		304181F623FEB5D100B9C451 /* SceneDelegate.swift in Sources */ = {isa = PBXBuildFile; fileRef = 304181F523FEB5D100B9C451 /* SceneDelegate.swift */; };
		304181F823FEB5D100B9C451 /* ViewController.swift in Sources */ = {isa = PBXBuildFile; fileRef = 304181F723FEB5D100B9C451 /* ViewController.swift */; };
		304181FB23FEB5D100B9C451 /* Main.storyboard in Resources */ = {isa = PBXBuildFile; fileRef = 304181F923FEB5D100B9C451 /* Main.storyboard */; };
		304181FD23FEB5D400B9C451 /* Assets.xcassets in Resources */ = {isa = PBXBuildFile; fileRef = 304181FC23FEB5D400B9C451 /* Assets.xcassets */; };
		3041820023FEB5D400B9C451 /* LaunchScreen.storyboard in Resources */ = {isa = PBXBuildFile; fileRef = 304181FE23FEB5D400B9C451 /* LaunchScreen.storyboard */; };
		3041820823FEB67C00B9C451 /* SignUpViewController.swift in Sources */ = {isa = PBXBuildFile; fileRef = 3041820723FEB67C00B9C451 /* SignUpViewController.swift */; };
		3041820A23FEB69500B9C451 /* LoginViewController.swift in Sources */ = {isa = PBXBuildFile; fileRef = 3041820923FEB69500B9C451 /* LoginViewController.swift */; };
		3041820C23FEB6A000B9C451 /* HomeViewController.swift in Sources */ = {isa = PBXBuildFile; fileRef = 3041820B23FEB6A000B9C451 /* HomeViewController.swift */; };
		30F9CB2423FECAE00021D7D4 /* Constants.swift in Sources */ = {isa = PBXBuildFile; fileRef = 30F9CB2223FECAE00021D7D4 /* Constants.swift */; };
		30F9CB2523FECAE00021D7D4 /* Utilities.swift in Sources */ = {isa = PBXBuildFile; fileRef = 30F9CB2323FECAE00021D7D4 /* Utilities.swift */; };
/* End PBXBuildFile section */

/* Begin PBXFileReference section */
		304181F023FEB5D100B9C451 /* CustomLoginFirebase.app */ = {isa = PBXFileReference; explicitFileType = wrapper.application; includeInIndex = 0; path = CustomLoginFirebase.app; sourceTree = BUILT_PRODUCTS_DIR; };
		304181F323FEB5D100B9C451 /* AppDelegate.swift */ = {isa = PBXFileReference; lastKnownFileType = sourcecode.swift; path = AppDelegate.swift; sourceTree = "<group>"; };
		304181F523FEB5D100B9C451 /* SceneDelegate.swift */ = {isa = PBXFileReference; lastKnownFileType = sourcecode.swift; path = SceneDelegate.swift; sourceTree = "<group>"; };
		304181F723FEB5D100B9C451 /* ViewController.swift */ = {isa = PBXFileReference; lastKnownFileType = sourcecode.swift; path = ViewController.swift; sourceTree = "<group>"; };
		304181FA23FEB5D100B9C451 /* Base */ = {isa = PBXFileReference; lastKnownFileType = file.storyboard; name = Base; path = Base.lproj/Main.storyboard; sourceTree = "<group>"; };
		304181FC23FEB5D400B9C451 /* Assets.xcassets */ = {isa = PBXFileReference; lastKnownFileType = folder.assetcatalog; path = Assets.xcassets; sourceTree = "<group>"; };
		304181FF23FEB5D400B9C451 /* Base */ = {isa = PBXFileReference; lastKnownFileType = file.storyboard; name = Base; path = Base.lproj/LaunchScreen.storyboard; sourceTree = "<group>"; };
		3041820123FEB5D400B9C451 /* Info.plist */ = {isa = PBXFileReference; lastKnownFileType = text.plist.xml; path = Info.plist; sourceTree = "<group>"; };
		3041820723FEB67C00B9C451 /* SignUpViewController.swift */ = {isa = PBXFileReference; lastKnownFileType = sourcecode.swift; path = SignUpViewController.swift; sourceTree = "<group>"; };
		3041820923FEB69500B9C451 /* LoginViewController.swift */ = {isa = PBXFileReference; lastKnownFileType = sourcecode.swift; path = LoginViewController.swift; sourceTree = "<group>"; };
		3041820B23FEB6A000B9C451 /* HomeViewController.swift */ = {isa = PBXFileReference; lastKnownFileType = sourcecode.swift; path = HomeViewController.swift; sourceTree = "<group>"; };
		30F9CB2223FECAE00021D7D4 /* Constants.swift */ = {isa = PBXFileReference; fileEncoding = 4; lastKnownFileType = sourcecode.swift; path = Constants.swift; sourceTree = "<group>"; };
		30F9CB2323FECAE00021D7D4 /* Utilities.swift */ = {isa = PBXFileReference; fileEncoding = 4; lastKnownFileType = sourcecode.swift; path = Utilities.swift; sourceTree = "<group>"; };
/* End PBXFileReference section */

/* Begin PBXFrameworksBuildPhase section */
		304181ED23FEB5D100B9C451 /* Frameworks */ = {
			isa = PBXFrameworksBuildPhase;
			buildActionMask = 2147483647;
			files = (
			);
			runOnlyForDeploymentPostprocessing = 0;
		};
/* End PBXFrameworksBuildPhase section */

/* Begin PBXGroup section */
		304181E723FEB5D100B9C451 = {
			isa = PBXGroup;
			children = (
				304181F223FEB5D100B9C451 /* CustomLoginFirebase */,
				304181F123FEB5D100B9C451 /* Products */,
			);
			sourceTree = "<group>";
		};
		304181F123FEB5D100B9C451 /* Products */ = {
			isa = PBXGroup;
			children = (
				304181F023FEB5D100B9C451 /* CustomLoginFirebase.app */,
			);
			name = Products;
			sourceTree = "<group>";
		};
		304181F223FEB5D100B9C451 /* CustomLoginFirebase */ = {
			isa = PBXGroup;
			children = (
				304181F323FEB5D100B9C451 /* AppDelegate.swift */,
				304181F523FEB5D100B9C451 /* SceneDelegate.swift */,
				30F9CB2123FECAE00021D7D4 /* Helpers */,
				3041820D23FEB6AB00B9C451 /* View Controllers */,
				304181F923FEB5D100B9C451 /* Main.storyboard */,
				304181FC23FEB5D400B9C451 /* Assets.xcassets */,
				304181FE23FEB5D400B9C451 /* LaunchScreen.storyboard */,
				3041820123FEB5D400B9C451 /* Info.plist */,
			);
			path = CustomLoginFirebase;
			sourceTree = "<group>";
		};
		3041820D23FEB6AB00B9C451 /* View Controllers */ = {
			isa = PBXGroup;
			children = (
				3041820723FEB67C00B9C451 /* SignUpViewController.swift */,
				3041820923FEB69500B9C451 /* LoginViewController.swift */,
				3041820B23FEB6A000B9C451 /* HomeViewController.swift */,
				304181F723FEB5D100B9C451 /* ViewController.swift */,
			);
			path = "View Controllers";
			sourceTree = "<group>";
		};
		30F9CB2123FECAE00021D7D4 /* Helpers */ = {
			isa = PBXGroup;
			children = (
				30F9CB2223FECAE00021D7D4 /* Constants.swift */,
				30F9CB2323FECAE00021D7D4 /* Utilities.swift */,
			);
			path = Helpers;
			sourceTree = "<group>";
		};
/* End PBXGroup section */

/* Begin PBXNativeTarget section */
		304181EF23FEB5D100B9C451 /* CustomLoginFirebase */ = {
			isa = PBXNativeTarget;
			buildConfigurationList = 3041820423FEB5D400B9C451 /* Build configuration list for PBXNativeTarget "CustomLoginFirebase" */;
			buildPhases = (
				304181EC23FEB5D100B9C451 /* Sources */,
				304181ED23FEB5D100B9C451 /* Frameworks */,
				304181EE23FEB5D100B9C451 /* Resources */,
			);
			buildRules = (
			);
			dependencies = (
			);
			name = CustomLoginFirebase;
			productName = CustomLoginFirebase;
			productReference = 304181F023FEB5D100B9C451 /* CustomLoginFirebase.app */;
			productType = "com.apple.product-type.application";
		};
/* End PBXNativeTarget section */

/* Begin PBXProject section */
		304181E823FEB5D100B9C451 /* Project object */ = {
			isa = PBXProject;
			attributes = {
				LastSwiftUpdateCheck = 1130;
				LastUpgradeCheck = 1130;
				ORGANIZATIONNAME = "Leandro Estrada";
				TargetAttributes = {
					304181EF23FEB5D100B9C451 = {
						CreatedOnToolsVersion = 11.3.1;
					};
				};
			};
			buildConfigurationList = 304181EB23FEB5D100B9C451 /* Build configuration list for PBXProject "CustomLoginFirebase" */;
			compatibilityVersion = "Xcode 9.3";
			developmentRegion = en;
			hasScannedForEncodings = 0;
			knownRegions = (
				en,
				Base,
			);
			mainGroup = 304181E723FEB5D100B9C451;
			productRefGroup = 304181F123FEB5D100B9C451 /* Products */;
			projectDirPath = "";
			projectRoot = "";
			targets = (
				304181EF23FEB5D100B9C451 /* CustomLoginFirebase */,
			);
		};
/* End PBXProject section */

/* Begin PBXResourcesBuildPhase section */
		304181EE23FEB5D100B9C451 /* Resources */ = {
			isa = PBXResourcesBuildPhase;
			buildActionMask = 2147483647;
			files = (
				3041820023FEB5D400B9C451 /* LaunchScreen.storyboard in Resources */,
				304181FD23FEB5D400B9C451 /* Assets.xcassets in Resources */,
				304181FB23FEB5D100B9C451 /* Main.storyboard in Resources */,
			);
			runOnlyForDeploymentPostprocessing = 0;
		};
/* End PBXResourcesBuildPhase section */

/* Begin PBXSourcesBuildPhase section */
		304181EC23FEB5D100B9C451 /* Sources */ = {
			isa = PBXSourcesBuildPhase;
			buildActionMask = 2147483647;
			files = (
				304181F823FEB5D100B9C451 /* ViewController.swift in Sources */,
				304181F423FEB5D100B9C451 /* AppDelegate.swift in Sources */,
				3041820823FEB67C00B9C451 /* SignUpViewController.swift in Sources */,
				3041820A23FEB69500B9C451 /* LoginViewController.swift in Sources */,
				30F9CB2423FECAE00021D7D4 /* Constants.swift in Sources */,
				304181F623FEB5D100B9C451 /* SceneDelegate.swift in Sources */,
				30F9CB2523FECAE00021D7D4 /* Utilities.swift in Sources */,
				3041820C23FEB6A000B9C451 /* HomeViewController.swift in Sources */,
			);
			runOnlyForDeploymentPostprocessing = 0;
		};
/* End PBXSourcesBuildPhase section */

/* Begin PBXVariantGroup section */
		304181F923FEB5D100B9C451 /* Main.storyboard */ = {
			isa = PBXVariantGroup;
			children = (
				304181FA23FEB5D100B9C451 /* Base */,
			);
			name = Main.storyboard;
			sourceTree = "<group>";
		};
		304181FE23FEB5D400B9C451 /* LaunchScreen.storyboard */ = {
			isa = PBXVariantGroup;
			children = (
				304181FF23FEB5D400B9C451 /* Base */,
			);
			name = LaunchScreen.storyboard;
			sourceTree = "<group>";
		};
/* End PBXVariantGroup section */

/* Begin XCBuildConfiguration section */
		3041820223FEB5D400B9C451 /* Debug */ = {
			isa = XCBuildConfiguration;
			buildSettings = {
				ALWAYS_SEARCH_USER_PATHS = NO;
				CLANG_ANALYZER_NONNULL = YES;
				CLANG_ANALYZER_NUMBER_OBJECT_CONVERSION = YES_AGGRESSIVE;
				CLANG_CXX_LANGUAGE_STANDARD = "gnu++14";
				CLANG_CXX_LIBRARY = "libc++";
				CLANG_ENABLE_MODULES = YES;
				CLANG_ENABLE_OBJC_ARC = YES;
				CLANG_ENABLE_OBJC_WEAK = YES;
				CLANG_WARN_BLOCK_CAPTURE_AUTORELEASING = YES;
				CLANG_WARN_BOOL_CONVERSION = YES;
				CLANG_WARN_COMMA = YES;
				CLANG_WARN_CONSTANT_CONVERSION = YES;
				CLANG_WARN_DEPRECATED_OBJC_IMPLEMENTATIONS = YES;
				CLANG_WARN_DIRECT_OBJC_ISA_USAGE = YES_ERROR;
				CLANG_WARN_DOCUMENTATION_COMMENTS = YES;
				CLANG_WARN_EMPTY_BODY = YES;
				CLANG_WARN_ENUM_CONVERSION = YES;
				CLANG_WARN_INFINITE_RECURSION = YES;
				CLANG_WARN_INT_CONVERSION = YES;
				CLANG_WARN_NON_LITERAL_NULL_CONVERSION = YES;
				CLANG_WARN_OBJC_IMPLICIT_RETAIN_SELF = YES;
				CLANG_WARN_OBJC_LITERAL_CONVERSION = YES;
				CLANG_WARN_OBJC_ROOT_CLASS = YES_ERROR;
				CLANG_WARN_RANGE_LOOP_ANALYSIS = YES;
				CLANG_WARN_STRICT_PROTOTYPES = YES;
				CLANG_WARN_SUSPICIOUS_MOVE = YES;
				CLANG_WARN_UNGUARDED_AVAILABILITY = YES_AGGRESSIVE;
				CLANG_WARN_UNREACHABLE_CODE = YES;
				CLANG_WARN__DUPLICATE_METHOD_MATCH = YES;
				COPY_PHASE_STRIP = NO;
				DEBUG_INFORMATION_FORMAT = dwarf;
				ENABLE_STRICT_OBJC_MSGSEND = YES;
				ENABLE_TESTABILITY = YES;
				GCC_C_LANGUAGE_STANDARD = gnu11;
				GCC_DYNAMIC_NO_PIC = NO;
				GCC_NO_COMMON_BLOCKS = YES;
				GCC_OPTIMIZATION_LEVEL = 0;
				GCC_PREPROCESSOR_DEFINITIONS = (
					"DEBUG=1",
					"$(inherited)",
				);
				GCC_WARN_64_TO_32_BIT_CONVERSION = YES;
				GCC_WARN_ABOUT_RETURN_TYPE = YES_ERROR;
				GCC_WARN_UNDECLARED_SELECTOR = YES;
				GCC_WARN_UNINITIALIZED_AUTOS = YES_AGGRESSIVE;
				GCC_WARN_UNUSED_FUNCTION = YES;
				GCC_WARN_UNUSED_VARIABLE = YES;
				IPHONEOS_DEPLOYMENT_TARGET = 13.2;
				MTL_ENABLE_DEBUG_INFO = INCLUDE_SOURCE;
				MTL_FAST_MATH = YES;
				ONLY_ACTIVE_ARCH = YES;
				SDKROOT = iphoneos;
				SWIFT_ACTIVE_COMPILATION_CONDITIONS = DEBUG;
				SWIFT_OPTIMIZATION_LEVEL = "-Onone";
			};
			name = Debug;
		};
		3041820323FEB5D400B9C451 /* Release */ = {
			isa = XCBuildConfiguration;
			buildSettings = {
				ALWAYS_SEARCH_USER_PATHS = NO;
				CLANG_ANALYZER_NONNULL = YES;
				CLANG_ANALYZER_NUMBER_OBJECT_CONVERSION = YES_AGGRESSIVE;
				CLANG_CXX_LANGUAGE_STANDARD = "gnu++14";
				CLANG_CXX_LIBRARY = "libc++";
				CLANG_ENABLE_MODULES = YES;
				CLANG_ENABLE_OBJC_ARC = YES;
				CLANG_ENABLE_OBJC_WEAK = YES;
				CLANG_WARN_BLOCK_CAPTURE_AUTORELEASING = YES;
				CLANG_WARN_BOOL_CONVERSION = YES;
				CLANG_WARN_COMMA = YES;
				CLANG_WARN_CONSTANT_CONVERSION = YES;
				CLANG_WARN_DEPRECATED_OBJC_IMPLEMENTATIONS = YES;
				CLANG_WARN_DIRECT_OBJC_ISA_USAGE = YES_ERROR;
				CLANG_WARN_DOCUMENTATION_COMMENTS = YES;
				CLANG_WARN_EMPTY_BODY = YES;
				CLANG_WARN_ENUM_CONVERSION = YES;
				CLANG_WARN_INFINITE_RECURSION = YES;
				CLANG_WARN_INT_CONVERSION = YES;
				CLANG_WARN_NON_LITERAL_NULL_CONVERSION = YES;
				CLANG_WARN_OBJC_IMPLICIT_RETAIN_SELF = YES;
				CLANG_WARN_OBJC_LITERAL_CONVERSION = YES;
				CLANG_WARN_OBJC_ROOT_CLASS = YES_ERROR;
				CLANG_WARN_RANGE_LOOP_ANALYSIS = YES;
				CLANG_WARN_STRICT_PROTOTYPES = YES;
				CLANG_WARN_SUSPICIOUS_MOVE = YES;
				CLANG_WARN_UNGUARDED_AVAILABILITY = YES_AGGRESSIVE;
				CLANG_WARN_UNREACHABLE_CODE = YES;
				CLANG_WARN__DUPLICATE_METHOD_MATCH = YES;
				COPY_PHASE_STRIP = NO;
				DEBUG_INFORMATION_FORMAT = "dwarf-with-dsym";
				ENABLE_NS_ASSERTIONS = NO;
				ENABLE_STRICT_OBJC_MSGSEND = YES;
				GCC_C_LANGUAGE_STANDARD = gnu11;
				GCC_NO_COMMON_BLOCKS = YES;
				GCC_WARN_64_TO_32_BIT_CONVERSION = YES;
				GCC_WARN_ABOUT_RETURN_TYPE = YES_ERROR;
				GCC_WARN_UNDECLARED_SELECTOR = YES;
				GCC_WARN_UNINITIALIZED_AUTOS = YES_AGGRESSIVE;
				GCC_WARN_UNUSED_FUNCTION = YES;
				GCC_WARN_UNUSED_VARIABLE = YES;
				IPHONEOS_DEPLOYMENT_TARGET = 13.2;
				MTL_ENABLE_DEBUG_INFO = NO;
				MTL_FAST_MATH = YES;
				SDKROOT = iphoneos;
				SWIFT_COMPILATION_MODE = wholemodule;
				SWIFT_OPTIMIZATION_LEVEL = "-O";
				VALIDATE_PRODUCT = YES;
			};
			name = Release;
		};
		3041820523FEB5D400B9C451 /* Debug */ = {
			isa = XCBuildConfiguration;
			buildSettings = {
				ASSETCATALOG_COMPILER_APPICON_NAME = AppIcon;
				CODE_SIGN_STYLE = Automatic;
				DEVELOPMENT_TEAM = 5F3426985K;
				INFOPLIST_FILE = CustomLoginFirebase/Info.plist;
				LD_RUNPATH_SEARCH_PATHS = (
					"$(inherited)",
					"@executable_path/Frameworks",
				);
				PRODUCT_BUNDLE_IDENTIFIER = com.leandro.CustomLoginFirebase;
				PRODUCT_NAME = "$(TARGET_NAME)";
				SWIFT_VERSION = 5.0;
				TARGETED_DEVICE_FAMILY = "1,2";
			};
			name = Debug;
		};
		3041820623FEB5D400B9C451 /* Release */ = {
			isa = XCBuildConfiguration;
			buildSettings = {
				ASSETCATALOG_COMPILER_APPICON_NAME = AppIcon;
				CODE_SIGN_STYLE = Automatic;
				DEVELOPMENT_TEAM = 5F3426985K;
				INFOPLIST_FILE = CustomLoginFirebase/Info.plist;
				LD_RUNPATH_SEARCH_PATHS = (
					"$(inherited)",
					"@executable_path/Frameworks",
				);
				PRODUCT_BUNDLE_IDENTIFIER = com.leandro.CustomLoginFirebase;
				PRODUCT_NAME = "$(TARGET_NAME)";
				SWIFT_VERSION = 5.0;
				TARGETED_DEVICE_FAMILY = "1,2";
			};
			name = Release;
		};
/* End XCBuildConfiguration section */

/* Begin XCConfigurationList section */
		304181EB23FEB5D100B9C451 /* Build configuration list for PBXProject "CustomLoginFirebase" */ = {
			isa = XCConfigurationList;
			buildConfigurations = (
				3041820223FEB5D400B9C451 /* Debug */,
				3041820323FEB5D400B9C451 /* Release */,
			);
			defaultConfigurationIsVisible = 0;
			defaultConfigurationName = Release;
		};
		3041820423FEB5D400B9C451 /* Build configuration list for PBXNativeTarget "CustomLoginFirebase" */ = {
			isa = XCConfigurationList;
			buildConfigurations = (
				3041820523FEB5D400B9C451 /* Debug */,
				3041820623FEB5D400B9C451 /* Release */,
			);
			defaultConfigurationIsVisible = 0;
			defaultConfigurationName = Release;
		};
/* End XCConfigurationList section */
	};
	rootObject = 304181E823FEB5D100B9C451 /* Project object */;
}
